
Microsoft Visual Studio Solution File, Format Version 12.00
# Visual Studio Version 17
VisualStudioVersion = 17.5.002.0
MinimumVisualStudioVersion = 10.0.40219.1
Project("{9A19103F-16F7-4668-BE54-9A1E7A4F7556}") = "FullstackApp1", "FullstackApp1.csproj", "{542CA3F4-1F0B-4030-9116-317A15541315}"
EndProject
Global
	GlobalSection(SolutionConfigurationPlatforms) = preSolution
		Debug|Any CPU = Debug|Any CPU
		Release|Any CPU = Release|Any CPU
	EndGlobalSection
	GlobalSection(ProjectConfigurationPlatforms) = postSolution
		{542CA3F4-1F0B-4030-9116-317A15541315}.Debug|Any CPU.ActiveCfg = Debug|Any CPU
		{542CA3F4-1F0B-4030-9116-317A15541315}.Debug|Any CPU.Build.0 = Debug|Any CPU
		{542CA3F4-1F0B-4030-9116-317A15541315}.Release|Any CPU.ActiveCfg = Release|Any CPU
		{542CA3F4-1F0B-4030-9116-317A15541315}.Release|Any CPU.Build.0 = Release|Any CPU
	EndGlobalSection
	GlobalSection(SolutionProperties) = preSolution
		HideSolutionNode = FALSE
	EndGlobalSection
	GlobalSection(ExtensibilityGlobals) = postSolution
		SolutionGuid = {E110091F-391C-4B11-8ABD-B411C92D7E94}
	EndGlobalSection
EndGlobal
